
Microsoft Visual Studio Solution File, Format Version 12.00
# Visual Studio Version 17
VisualStudioVersion = 17.7.34009.444
MinimumVisualStudioVersion = 10.0.40219.1
Project("{FAE04EC0-301F-11D3-BF4B-00C04F79EFBC}") = "CodeAdvent.Shared", "CodeAdvent.Shared\CodeAdvent.Shared.csproj", "{C3274904-3449-45C0-AF29-60FBD54FC4FC}"
EndProject
Project("{FAE04EC0-301F-11D3-BF4B-00C04F79EFBC}") = "CodeAdvent.Tests", "CodeAdvent.Tests\CodeAdvent.Tests.csproj", "{FFF8B99E-4B9D-4622-AFE3-A244E2DF99F6}"
EndProject
Global
	GlobalSection(SolutionConfigurationPlatforms) = preSolution
		Debug|Any CPU = Debug|Any CPU
		Release|Any CPU = Release|Any CPU
	EndGlobalSection
	GlobalSection(ProjectConfigurationPlatforms) = postSolution
		{C3274904-3449-45C0-AF29-60FBD54FC4FC}.Debug|Any CPU.ActiveCfg = Debug|Any CPU
		{C3274904-3449-45C0-AF29-60FBD54FC4FC}.Debug|Any CPU.Build.0 = Debug|Any CPU
		{C3274904-3449-45C0-AF29-60FBD54FC4FC}.Release|Any CPU.ActiveCfg = Release|Any CPU
		{C3274904-3449-45C0-AF29-60FBD54FC4FC}.Release|Any CPU.Build.0 = Release|Any CPU
		{FFF8B99E-4B9D-4622-AFE3-A244E2DF99F6}.Debug|Any CPU.ActiveCfg = Debug|Any CPU
		{FFF8B99E-4B9D-4622-AFE3-A244E2DF99F6}.Debug|Any CPU.Build.0 = Debug|Any CPU
		{FFF8B99E-4B9D-4622-AFE3-A244E2DF99F6}.Release|Any CPU.ActiveCfg = Release|Any CPU
		{FFF8B99E-4B9D-4622-AFE3-A244E2DF99F6}.Release|Any CPU.Build.0 = Release|Any CPU
	EndGlobalSection
	GlobalSection(SolutionProperties) = preSolution
		HideSolutionNode = FALSE
	EndGlobalSection
	GlobalSection(ExtensibilityGlobals) = postSolution
		SolutionGuid = {23083072-B386-43A0-87E7-0D9A4DF86EC4}
	EndGlobalSection
EndGlobal
